
Microsoft Visual Studio Solution File, Format Version 12.00
# Visual Studio Version 17
VisualStudioVersion = 17.4.33213.308
MinimumVisualStudioVersion = 10.0.40219.1
Project("{8BC9CEB8-8B4A-11D0-8D11-00A0C91BC942}") = "FeedthroughFmu", "FeedthroughFmu\FeedthroughFmu.vcxproj", "{A530CC5E-1C0F-4D0B-BDBE-6C94F8145086}"
EndProject
Global
	GlobalSection(SolutionConfigurationPlatforms) = preSolution
		Debug|x64 = Debug|x64
		Debug|x86 = Debug|x86
		Release|x64 = Release|x64
		Release|x86 = Release|x86
	EndGlobalSection
	GlobalSection(ProjectConfigurationPlatforms) = postSolution
		{A530CC5E-1C0F-4D0B-BDBE-6C94F8145086}.Debug|x64.ActiveCfg = Debug|x64
		{A530CC5E-1C0F-4D0B-BDBE-6C94F8145086}.Debug|x64.Build.0 = Debug|x64
		{A530CC5E-1C0F-4D0B-BDBE-6C94F8145086}.Debug|x86.ActiveCfg = Debug|Win32
		{A530CC5E-1C0F-4D0B-BDBE-6C94F8145086}.Debug|x86.Build.0 = Debug|Win32
		{A530CC5E-1C0F-4D0B-BDBE-6C94F8145086}.Release|x64.ActiveCfg = Release|x64
		{A530CC5E-1C0F-4D0B-BDBE-6C94F8145086}.Release|x64.Build.0 = Release|x64
		{A530CC5E-1C0F-4D0B-BDBE-6C94F8145086}.Release|x86.ActiveCfg = Release|Win32
		{A530CC5E-1C0F-4D0B-BDBE-6C94F8145086}.Release|x86.Build.0 = Release|Win32
	EndGlobalSection
	GlobalSection(SolutionProperties) = preSolution
		HideSolutionNode = FALSE
	EndGlobalSection
	GlobalSection(ExtensibilityGlobals) = postSolution
		SolutionGuid = {6D307750-0D19-4959-9855-FE1ADE98FBF7}
	EndGlobalSection
EndGlobal
